
Microsoft Visual Studio Solution File, Format Version 12.00
Project("{2150E333-8FDC-42A3-9474-1A3956D46DE8}") = "src", "src", "{DC6EE5E7-136C-4503-A38E-3776FF5ABFB6}"
EndProject
Project("{2150E333-8FDC-42A3-9474-1A3956D46DE8}") = "test", "test", "{3AB22EF4-8069-41AD-80FF-14BBDDB9DCAB}"
EndProject
Project("{2150E333-8FDC-42A3-9474-1A3956D46DE8}") = "API", "API", "{A0A169B0-78FB-4835-9736-FB4FDB67E05B}"
EndProject
Project("{2150E333-8FDC-42A3-9474-1A3956D46DE8}") = "Core", "Core", "{94BEAC41-D291-49AC-AB47-462D134F2ABF}"
EndProject
Project("{2150E333-8FDC-42A3-9474-1A3956D46DE8}") = "Infrastructure", "Infrastructure", "{F5D33337-9B87-45D9-9DDB-2F1DEAAFD3D2}"
EndProject
Project("{2150E333-8FDC-42A3-9474-1A3956D46DE8}") = "UI", "UI", "{3022E6E5-A408-4745-ABB6-81CDCBF1FA13}"
EndProject
Project("{FAE04EC0-301F-11D3-BF4B-00C04F79EFBC}") = "ISop.Domain", "ISop.Domain\ISop.Domain.csproj", "{A93E01FD-5152-4FF4-9330-96E187E6E21C}"
EndProject
Project("{FAE04EC0-301F-11D3-BF4B-00C04F79EFBC}") = "IShop.Application", "IShop.Application\IShop.Application.csproj", "{A4F4E3DE-4A80-434A-A04E-6A9F2908D546}"
EndProject
Project("{FAE04EC0-301F-11D3-BF4B-00C04F79EFBC}") = "IShop.Infrastructure", "IShop.Infrastructure\IShop.Infrastructure.csproj", "{50A63A9F-98FD-4B7C-A45C-C95B6050CD35}"
EndProject
Project("{FAE04EC0-301F-11D3-BF4B-00C04F79EFBC}") = "IShop.Persistence", "IShop.Persistence\IShop.Persistence.csproj", "{6CC06870-19AF-463E-AFB2-431BC6F9A9EB}"
EndProject
Global
	GlobalSection(SolutionConfigurationPlatforms) = preSolution
		Debug|Any CPU = Debug|Any CPU
		Release|Any CPU = Release|Any CPU
	EndGlobalSection
	GlobalSection(NestedProjects) = preSolution
		{A0A169B0-78FB-4835-9736-FB4FDB67E05B} = {DC6EE5E7-136C-4503-A38E-3776FF5ABFB6}
		{94BEAC41-D291-49AC-AB47-462D134F2ABF} = {DC6EE5E7-136C-4503-A38E-3776FF5ABFB6}
		{F5D33337-9B87-45D9-9DDB-2F1DEAAFD3D2} = {DC6EE5E7-136C-4503-A38E-3776FF5ABFB6}
		{3022E6E5-A408-4745-ABB6-81CDCBF1FA13} = {DC6EE5E7-136C-4503-A38E-3776FF5ABFB6}
		{A93E01FD-5152-4FF4-9330-96E187E6E21C} = {94BEAC41-D291-49AC-AB47-462D134F2ABF}
		{A4F4E3DE-4A80-434A-A04E-6A9F2908D546} = {94BEAC41-D291-49AC-AB47-462D134F2ABF}
		{50A63A9F-98FD-4B7C-A45C-C95B6050CD35} = {F5D33337-9B87-45D9-9DDB-2F1DEAAFD3D2}
		{6CC06870-19AF-463E-AFB2-431BC6F9A9EB} = {F5D33337-9B87-45D9-9DDB-2F1DEAAFD3D2}
	EndGlobalSection
	GlobalSection(ProjectConfigurationPlatforms) = postSolution
		{A93E01FD-5152-4FF4-9330-96E187E6E21C}.Debug|Any CPU.ActiveCfg = Debug|Any CPU
		{A93E01FD-5152-4FF4-9330-96E187E6E21C}.Debug|Any CPU.Build.0 = Debug|Any CPU
		{A93E01FD-5152-4FF4-9330-96E187E6E21C}.Release|Any CPU.ActiveCfg = Release|Any CPU
		{A93E01FD-5152-4FF4-9330-96E187E6E21C}.Release|Any CPU.Build.0 = Release|Any CPU
		{A4F4E3DE-4A80-434A-A04E-6A9F2908D546}.Debug|Any CPU.ActiveCfg = Debug|Any CPU
		{A4F4E3DE-4A80-434A-A04E-6A9F2908D546}.Debug|Any CPU.Build.0 = Debug|Any CPU
		{A4F4E3DE-4A80-434A-A04E-6A9F2908D546}.Release|Any CPU.ActiveCfg = Release|Any CPU
		{A4F4E3DE-4A80-434A-A04E-6A9F2908D546}.Release|Any CPU.Build.0 = Release|Any CPU
		{50A63A9F-98FD-4B7C-A45C-C95B6050CD35}.Debug|Any CPU.ActiveCfg = Debug|Any CPU
		{50A63A9F-98FD-4B7C-A45C-C95B6050CD35}.Debug|Any CPU.Build.0 = Debug|Any CPU
		{50A63A9F-98FD-4B7C-A45C-C95B6050CD35}.Release|Any CPU.ActiveCfg = Release|Any CPU
		{50A63A9F-98FD-4B7C-A45C-C95B6050CD35}.Release|Any CPU.Build.0 = Release|Any CPU
		{6CC06870-19AF-463E-AFB2-431BC6F9A9EB}.Debug|Any CPU.ActiveCfg = Debug|Any CPU
		{6CC06870-19AF-463E-AFB2-431BC6F9A9EB}.Debug|Any CPU.Build.0 = Debug|Any CPU
		{6CC06870-19AF-463E-AFB2-431BC6F9A9EB}.Release|Any CPU.ActiveCfg = Release|Any CPU
		{6CC06870-19AF-463E-AFB2-431BC6F9A9EB}.Release|Any CPU.Build.0 = Release|Any CPU
	EndGlobalSection
EndGlobal
